
Microsoft Visual Studio Solution File, Format Version 12.00
# Visual Studio 15
VisualStudioVersion = 15.0.26730.12
MinimumVisualStudioVersion = 10.0.40219.1
Project("{FAE04EC0-301F-11D3-BF4B-00C04F79EFBC}") = "Pyrus.ApiClient", "Pyrus.ApiClient.csproj", "{2F417273-AD68-48B2-8592-B51F0AFF5C5E}"
EndProject
Global
	GlobalSection(SolutionConfigurationPlatforms) = preSolution
		Debug|Any CPU = Debug|Any CPU
		Release|Any CPU = Release|Any CPU
	EndGlobalSection
	GlobalSection(ProjectConfigurationPlatforms) = postSolution
		{2F417273-AD68-48B2-8592-B51F0AFF5C5E}.Debug|Any CPU.ActiveCfg = Debug|Any CPU
		{2F417273-AD68-48B2-8592-B51F0AFF5C5E}.Debug|Any CPU.Build.0 = Debug|Any CPU
		{2F417273-AD68-48B2-8592-B51F0AFF5C5E}.Release|Any CPU.ActiveCfg = Release|Any CPU
		{2F417273-AD68-48B2-8592-B51F0AFF5C5E}.Release|Any CPU.Build.0 = Release|Any CPU
	EndGlobalSection
	GlobalSection(SolutionProperties) = preSolution
		HideSolutionNode = FALSE
	EndGlobalSection
	GlobalSection(ExtensibilityGlobals) = postSolution
		SolutionGuid = {A431F58D-0A5E-4B35-AA0D-71EA8BC45DB9}
	EndGlobalSection
EndGlobal
